{
  "version": 4,
  "terraform_version": "1.5.4",
  "serial": 76,
  "lineage": "20aba5c1-5b9a-7ca9-ea26-842877cf44b9",
  "outputs": {},
  "resources": [
    {
      "mode": "managed",
      "type": "azurerm_app_service",
      "name": "main",
      "provider": "provider[\"registry.terraform.io/hashicorp/azurerm\"]",
      "instances": [
        {
          "schema_version": 0,
          "attributes": {
            "app_service_plan_id": "/subscriptions/abcbaa25-502c-4247-bf26-0ff5c4ca19d8/resourceGroups/questRG/providers/Microsoft.Web/serverfarms/questAppServicePlan",
            "app_settings": {
              "DOCKER_REGISTRY_SERVER_URL": "https://index.docker.io",
              "WEBSITES_ENABLE_APP_SERVICE_STORAGE": "false"
            },
            "auth_settings": [
              {
                "active_directory": [],
                "additional_login_params": {},
                "allowed_external_redirect_urls": [],
                "default_provider": "",
                "enabled": false,
                "facebook": [],
                "google": [],
                "issuer": "",
                "microsoft": [],
                "runtime_version": "",
                "token_refresh_extension_hours": 0,
                "token_store_enabled": false,
                "twitter": [],
                "unauthenticated_client_action": ""
              }
            ],
            "backup": [],
            "client_affinity_enabled": false,
            "client_cert_enabled": false,
            "client_cert_mode": "Required",
            "connection_string": [],
            "custom_domain_verification_id": "4F9B012964BE1406A7EDB69B989B21A786AF614089E2043481034596B6AD551C",
            "default_site_hostname": "questwebapp.azurewebsites.net",
            "enabled": true,
            "https_only": false,
            "id": "/subscriptions/abcbaa25-502c-4247-bf26-0ff5c4ca19d8/resourceGroups/questRG/providers/Microsoft.Web/sites/questWebApp",
            "identity": [],
            "key_vault_reference_identity_id": "SystemAssigned",
            "location": "eastus",
            "logs": [
              {
                "application_logs": [
                  {
                    "azure_blob_storage": [],
                    "file_system_level": "Off"
                  }
                ],
                "detailed_error_messages_enabled": false,
                "failed_request_tracing_enabled": false,
                "http_logs": [
                  {
                    "azure_blob_storage": [],
                    "file_system": []
                  }
                ]
              }
            ],
            "name": "questWebApp",
            "outbound_ip_address_list": [
              "20.121.233.193",
              "20.121.235.97",
              "20.121.235.105",
              "20.121.235.145",
              "20.121.236.161",
              "20.81.72.231",
              "20.85.194.228",
              "52.226.213.57",
              "52.226.213.99",
              "52.226.215.91",
              "20.121.82.44",
              "20.81.74.123",
              "20.119.16.56"
            ],
            "outbound_ip_addresses": "20.121.233.193,20.121.235.97,20.121.235.105,20.121.235.145,20.121.236.161,20.81.72.231,20.85.194.228,52.226.213.57,52.226.213.99,52.226.215.91,20.121.82.44,20.81.74.123,20.119.16.56",
            "possible_outbound_ip_address_list": [
              "20.121.233.193",
              "20.121.235.97",
              "20.121.235.105",
              "20.121.235.145",
              "20.121.236.161",
              "20.81.72.231",
              "20.85.194.228",
              "52.226.213.57",
              "52.226.213.99",
              "52.226.215.91",
              "20.121.82.44",
              "20.81.74.123",
              "20.81.74.232",
              "20.81.75.57",
              "20.81.75.247",
              "20.81.76.26",
              "20.81.76.80",
              "20.81.76.88",
              "20.81.76.176",
              "20.81.76.212",
              "20.81.76.219",
              "20.81.77.83",
              "20.121.232.246",
              "20.121.233.63",
              "20.121.233.193",
              "20.121.235.97",
              "20.121.235.105",
              "20.121.235.145",
              "20.121.236.161",
              "20.81.72.231",
              "20.121.237.38",
              "20.121.237.155",
              "20.121.237.242",
              "20.121.237.254",
              "20.121.238.34",
              "20.121.238.233",
              "20.119.16.56"
            ],
            "possible_outbound_ip_addresses": "20.121.233.193,20.121.235.97,20.121.235.105,20.121.235.145,20.121.236.161,20.81.72.231,20.85.194.228,52.226.213.57,52.226.213.99,52.226.215.91,20.121.82.44,20.81.74.123,20.81.74.232,20.81.75.57,20.81.75.247,20.81.76.26,20.81.76.80,20.81.76.88,20.81.76.176,20.81.76.212,20.81.76.219,20.81.77.83,20.121.232.246,20.121.233.63,20.121.233.193,20.121.235.97,20.121.235.105,20.121.235.145,20.121.236.161,20.81.72.231,20.121.237.38,20.121.237.155,20.121.237.242,20.121.237.254,20.121.238.34,20.121.238.233,20.119.16.56",
            "resource_group_name": "questRG",
            "site_config": [
              {
                "acr_use_managed_identity_credentials": false,
                "acr_user_managed_identity_client_id": "",
                "always_on": false,
                "app_command_line": "",
                "auto_swap_slot_name": "",
                "cors": [
                  {
                    "allowed_origins": [],
                    "support_credentials": false
                  }
                ],
                "default_documents": null,
                "dotnet_framework_version": "v4.0",
                "ftps_state": "FtpsOnly",
                "health_check_path": "",
                "http2_enabled": false,
                "ip_restriction": [],
                "java_container": "",
                "java_container_version": "",
                "java_version": "",
                "linux_fx_version": "DOCKER|uncledennis/rearc-quest:newlatest",
                "local_mysql_enabled": false,
                "managed_pipeline_mode": "Integrated",
                "min_tls_version": "1.2",
                "number_of_workers": 1,
                "php_version": "",
                "python_version": "",
                "remote_debugging_enabled": false,
                "remote_debugging_version": "VS2022",
                "scm_ip_restriction": [],
                "scm_type": "None",
                "scm_use_main_ip_restriction": false,
                "use_32_bit_worker_process": false,
                "vnet_route_all_enabled": false,
                "websockets_enabled": false,
                "windows_fx_version": ""
              }
            ],
            "site_credential": [
              {
                "password": "waLsqipfh3jxAWyyBswxfZC4SzsuoMdcLmmy2DeEccbqRsk1r8M5DaTL3vwz",
                "username": "$questWebApp"
              }
            ],
            "source_control": [
              {
                "branch": "master",
                "manual_integration": false,
                "repo_url": "",
                "rollback_enabled": false,
                "use_mercurial": false
              }
            ],
            "storage_account": [],
            "tags": null,
            "timeouts": null
          },
          "sensitive_attributes": [],
          "private": "eyJlMmJmYjczMC1lY2FhLTExZTYtOGY4OC0zNDM2M2JjN2M0YzAiOnsiY3JlYXRlIjoxODAwMDAwMDAwMDAwLCJkZWxldGUiOjE4MDAwMDAwMDAwMDAsInJlYWQiOjMwMDAwMDAwMDAwMCwidXBkYXRlIjoxODAwMDAwMDAwMDAwfX0=",
          "dependencies": [
            "azurerm_app_service_plan.main",
            "azurerm_resource_group.main"
          ]
        }
      ]
    },
    {
      "mode": "managed",
      "type": "azurerm_app_service_plan",
      "name": "main",
      "provider": "provider[\"registry.terraform.io/hashicorp/azurerm\"]",
      "instances": [
        {
          "schema_version": 0,
          "attributes": {
            "app_service_environment_id": "",
            "id": "/subscriptions/abcbaa25-502c-4247-bf26-0ff5c4ca19d8/resourceGroups/questRG/providers/Microsoft.Web/serverfarms/questAppServicePlan",
            "is_xenon": false,
            "kind": "linux",
            "location": "eastus",
            "maximum_elastic_worker_count": 1,
            "maximum_number_of_workers": 3,
            "name": "questAppServicePlan",
            "per_site_scaling": false,
            "reserved": true,
            "resource_group_name": "questRG",
            "sku": [
              {
                "capacity": 1,
                "size": "B1",
                "tier": "Basic"
              }
            ],
            "tags": null,
            "timeouts": null,
            "zone_redundant": false
          },
          "sensitive_attributes": [],
          "private": "eyJlMmJmYjczMC1lY2FhLTExZTYtOGY4OC0zNDM2M2JjN2M0YzAiOnsiY3JlYXRlIjozNjAwMDAwMDAwMDAwLCJkZWxldGUiOjM2MDAwMDAwMDAwMDAsInJlYWQiOjMwMDAwMDAwMDAwMCwidXBkYXRlIjozNjAwMDAwMDAwMDAwfX0=",
          "dependencies": [
            "azurerm_resource_group.main"
          ]
        }
      ]
    },
    {
      "mode": "managed",
      "type": "azurerm_lb",
      "name": "main",
      "provider": "provider[\"registry.terraform.io/hashicorp/azurerm\"]",
      "instances": [
        {
          "schema_version": 0,
          "attributes": {
            "frontend_ip_configuration": [
              {
                "availability_zone": "No-Zone",
                "gateway_load_balancer_frontend_ip_configuration_id": "",
                "id": "/subscriptions/abcbaa25-502c-4247-bf26-0ff5c4ca19d8/resourceGroups/questRG/providers/Microsoft.Network/loadBalancers/questLoadBalancer/frontendIPConfigurations/LoadBalancerFrontEnd",
                "inbound_nat_rules": [],
                "load_balancer_rules": [],
                "name": "LoadBalancerFrontEnd",
                "outbound_rules": [],
                "private_ip_address": "10.0.1.4",
                "private_ip_address_allocation": "Dynamic",
                "private_ip_address_version": "IPv4",
                "public_ip_address_id": "",
                "public_ip_prefix_id": "",
                "subnet_id": "/subscriptions/abcbaa25-502c-4247-bf26-0ff5c4ca19d8/resourceGroups/questRG/providers/Microsoft.Network/virtualNetworks/questVnet/subnets/questSubnet",
                "zones": []
              }
            ],
            "id": "/subscriptions/abcbaa25-502c-4247-bf26-0ff5c4ca19d8/resourceGroups/questRG/providers/Microsoft.Network/loadBalancers/questLoadBalancer",
            "location": "eastus",
            "name": "questLoadBalancer",
            "private_ip_address": "10.0.1.4",
            "private_ip_addresses": [
              "10.0.1.4"
            ],
            "resource_group_name": "questRG",
            "sku": "Basic",
            "sku_tier": "Regional",
            "tags": null,
            "timeouts": null
          },
          "sensitive_attributes": [],
          "private": "eyJlMmJmYjczMC1lY2FhLTExZTYtOGY4OC0zNDM2M2JjN2M0YzAiOnsiY3JlYXRlIjoxODAwMDAwMDAwMDAwLCJkZWxldGUiOjE4MDAwMDAwMDAwMDAsInJlYWQiOjMwMDAwMDAwMDAwMCwidXBkYXRlIjoxODAwMDAwMDAwMDAwfX0=",
          "dependencies": [
            "azurerm_resource_group.main",
            "azurerm_subnet.main",
            "azurerm_virtual_network.main"
          ]
        }
      ]
    },
    {
      "mode": "managed",
      "type": "azurerm_resource_group",
      "name": "main",
      "provider": "provider[\"registry.terraform.io/hashicorp/azurerm\"]",
      "instances": [
        {
          "schema_version": 0,
          "attributes": {
            "id": "/subscriptions/abcbaa25-502c-4247-bf26-0ff5c4ca19d8/resourceGroups/questRG",
            "location": "eastus",
            "name": "questRG",
            "tags": null,
            "timeouts": null
          },
          "sensitive_attributes": [],
          "private": "eyJlMmJmYjczMC1lY2FhLTExZTYtOGY4OC0zNDM2M2JjN2M0YzAiOnsiY3JlYXRlIjo1NDAwMDAwMDAwMDAwLCJkZWxldGUiOjU0MDAwMDAwMDAwMDAsInJlYWQiOjMwMDAwMDAwMDAwMCwidXBkYXRlIjo1NDAwMDAwMDAwMDAwfX0="
        }
      ]
    },
    {
      "mode": "managed",
      "type": "azurerm_subnet",
      "name": "main",
      "provider": "provider[\"registry.terraform.io/hashicorp/azurerm\"]",
      "instances": [
        {
          "schema_version": 0,
          "attributes": {
            "address_prefix": "10.0.1.0/24",
            "address_prefixes": [
              "10.0.1.0/24"
            ],
            "delegation": [],
            "enforce_private_link_endpoint_network_policies": false,
            "enforce_private_link_service_network_policies": false,
            "id": "/subscriptions/abcbaa25-502c-4247-bf26-0ff5c4ca19d8/resourceGroups/questRG/providers/Microsoft.Network/virtualNetworks/questVnet/subnets/questSubnet",
            "name": "questSubnet",
            "resource_group_name": "questRG",
            "service_endpoint_policy_ids": null,
            "service_endpoints": null,
            "timeouts": null,
            "virtual_network_name": "questVnet"
          },
          "sensitive_attributes": [],
          "private": "eyJlMmJmYjczMC1lY2FhLTExZTYtOGY4OC0zNDM2M2JjN2M0YzAiOnsiY3JlYXRlIjoxODAwMDAwMDAwMDAwLCJkZWxldGUiOjE4MDAwMDAwMDAwMDAsInJlYWQiOjMwMDAwMDAwMDAwMCwidXBkYXRlIjoxODAwMDAwMDAwMDAwfX0=",
          "dependencies": [
            "azurerm_resource_group.main",
            "azurerm_virtual_network.main"
          ]
        }
      ]
    },
    {
      "mode": "managed",
      "type": "azurerm_virtual_network",
      "name": "main",
      "provider": "provider[\"registry.terraform.io/hashicorp/azurerm\"]",
      "instances": [
        {
          "schema_version": 0,
          "attributes": {
            "address_space": [
              "10.0.0.0/16"
            ],
            "bgp_community": "",
            "ddos_protection_plan": [],
            "dns_servers": [],
            "flow_timeout_in_minutes": 0,
            "guid": "2028770d-cd8e-44e2-8f0c-5664d7ecf5c2",
            "id": "/subscriptions/abcbaa25-502c-4247-bf26-0ff5c4ca19d8/resourceGroups/questRG/providers/Microsoft.Network/virtualNetworks/questVnet",
            "location": "eastus",
            "name": "questVnet",
            "resource_group_name": "questRG",
            "subnet": [],
            "tags": null,
            "timeouts": null,
            "vm_protection_enabled": false
          },
          "sensitive_attributes": [],
          "private": "eyJlMmJmYjczMC1lY2FhLTExZTYtOGY4OC0zNDM2M2JjN2M0YzAiOnsiY3JlYXRlIjoxODAwMDAwMDAwMDAwLCJkZWxldGUiOjE4MDAwMDAwMDAwMDAsInJlYWQiOjMwMDAwMDAwMDAwMCwidXBkYXRlIjoxODAwMDAwMDAwMDAwfX0=",
          "dependencies": [
            "azurerm_resource_group.main"
          ]
        }
      ]
    }
  ],
  "check_results": null
}
